
Microsoft Visual Studio Solution File, Format Version 12.00
# Visual Studio Version 16
VisualStudioVersion = 16.0.30717.126
MinimumVisualStudioVersion = 10.0.40219.1
Project("{FAE04EC0-301F-11D3-BF4B-00C04F79EFBC}") = "CZero", "CZero\CZero.csproj", "{5839752F-6BD5-425A-8C74-4AC297C52A43}"
EndProject
Project("{FAE04EC0-301F-11D3-BF4B-00C04F79EFBC}") = "CZero.Lexical", "CZero.Lexical\CZero.Lexical.csproj", "{967302A9-856B-4848-AA3B-314EB31C5FBF}"
EndProject
Global
	GlobalSection(SolutionConfigurationPlatforms) = preSolution
		Debug|Any CPU = Debug|Any CPU
		Release|Any CPU = Release|Any CPU
	EndGlobalSection
	GlobalSection(ProjectConfigurationPlatforms) = postSolution
		{5839752F-6BD5-425A-8C74-4AC297C52A43}.Debug|Any CPU.ActiveCfg = Debug|Any CPU
		{5839752F-6BD5-425A-8C74-4AC297C52A43}.Debug|Any CPU.Build.0 = Debug|Any CPU
		{5839752F-6BD5-425A-8C74-4AC297C52A43}.Release|Any CPU.ActiveCfg = Release|Any CPU
		{5839752F-6BD5-425A-8C74-4AC297C52A43}.Release|Any CPU.Build.0 = Release|Any CPU
		{967302A9-856B-4848-AA3B-314EB31C5FBF}.Debug|Any CPU.ActiveCfg = Debug|Any CPU
		{967302A9-856B-4848-AA3B-314EB31C5FBF}.Debug|Any CPU.Build.0 = Debug|Any CPU
		{967302A9-856B-4848-AA3B-314EB31C5FBF}.Release|Any CPU.ActiveCfg = Release|Any CPU
		{967302A9-856B-4848-AA3B-314EB31C5FBF}.Release|Any CPU.Build.0 = Release|Any CPU
	EndGlobalSection
	GlobalSection(SolutionProperties) = preSolution
		HideSolutionNode = FALSE
	EndGlobalSection
	GlobalSection(ExtensibilityGlobals) = postSolution
		SolutionGuid = {C97F8538-BEC1-4BD1-96D9-1C246093654D}
	EndGlobalSection
EndGlobal
