
Microsoft Visual Studio Solution File, Format Version 12.00
# Visual Studio Version 16
VisualStudioVersion = 16.0.30717.126
MinimumVisualStudioVersion = 10.0.40219.1
Project("{9A19103F-16F7-4668-BE54-9A1E7A4F7556}") = "CZero", "CZero\CZero.csproj", "{5839752F-6BD5-425A-8C74-4AC297C52A43}"
EndProject
Project("{9A19103F-16F7-4668-BE54-9A1E7A4F7556}") = "CZero.Lexical", "CZero.Lexical\CZero.Lexical.csproj", "{967302A9-856B-4848-AA3B-314EB31C5FBF}"
EndProject
Project("{9A19103F-16F7-4668-BE54-9A1E7A4F7556}") = "CZero.Lexical.Test", "CZero.Lexical.Test\CZero.Lexical.Test.csproj", "{3F351CAB-2809-4ADE-8F30-D87218E2EFE4}"
EndProject
Project("{9A19103F-16F7-4668-BE54-9A1E7A4F7556}") = "CZero.Syntactic", "CZero.Syntactic\CZero.Syntactic.csproj", "{67E57817-558C-4626-A465-6A519244E836}"
EndProject
Project("{FAE04EC0-301F-11D3-BF4B-00C04F79EFBC}") = "CZero.Syntactic.Test", "CZero.Syntactic.Test\CZero.Syntactic.Test.csproj", "{75476BA7-E87F-4EA6-995F-4510E6971B8F}"
EndProject
Global
	GlobalSection(SolutionConfigurationPlatforms) = preSolution
		Debug|Any CPU = Debug|Any CPU
		Release|Any CPU = Release|Any CPU
	EndGlobalSection
	GlobalSection(ProjectConfigurationPlatforms) = postSolution
		{5839752F-6BD5-425A-8C74-4AC297C52A43}.Debug|Any CPU.ActiveCfg = Debug|Any CPU
		{5839752F-6BD5-425A-8C74-4AC297C52A43}.Debug|Any CPU.Build.0 = Debug|Any CPU
		{5839752F-6BD5-425A-8C74-4AC297C52A43}.Release|Any CPU.ActiveCfg = Release|Any CPU
		{5839752F-6BD5-425A-8C74-4AC297C52A43}.Release|Any CPU.Build.0 = Release|Any CPU
		{967302A9-856B-4848-AA3B-314EB31C5FBF}.Debug|Any CPU.ActiveCfg = Debug|Any CPU
		{967302A9-856B-4848-AA3B-314EB31C5FBF}.Debug|Any CPU.Build.0 = Debug|Any CPU
		{967302A9-856B-4848-AA3B-314EB31C5FBF}.Release|Any CPU.ActiveCfg = Release|Any CPU
		{967302A9-856B-4848-AA3B-314EB31C5FBF}.Release|Any CPU.Build.0 = Release|Any CPU
		{3F351CAB-2809-4ADE-8F30-D87218E2EFE4}.Debug|Any CPU.ActiveCfg = Debug|Any CPU
		{3F351CAB-2809-4ADE-8F30-D87218E2EFE4}.Debug|Any CPU.Build.0 = Debug|Any CPU
		{3F351CAB-2809-4ADE-8F30-D87218E2EFE4}.Release|Any CPU.ActiveCfg = Release|Any CPU
		{3F351CAB-2809-4ADE-8F30-D87218E2EFE4}.Release|Any CPU.Build.0 = Release|Any CPU
		{67E57817-558C-4626-A465-6A519244E836}.Debug|Any CPU.ActiveCfg = Debug|Any CPU
		{67E57817-558C-4626-A465-6A519244E836}.Debug|Any CPU.Build.0 = Debug|Any CPU
		{67E57817-558C-4626-A465-6A519244E836}.Release|Any CPU.ActiveCfg = Release|Any CPU
		{67E57817-558C-4626-A465-6A519244E836}.Release|Any CPU.Build.0 = Release|Any CPU
		{75476BA7-E87F-4EA6-995F-4510E6971B8F}.Debug|Any CPU.ActiveCfg = Debug|Any CPU
		{75476BA7-E87F-4EA6-995F-4510E6971B8F}.Debug|Any CPU.Build.0 = Debug|Any CPU
		{75476BA7-E87F-4EA6-995F-4510E6971B8F}.Release|Any CPU.ActiveCfg = Release|Any CPU
		{75476BA7-E87F-4EA6-995F-4510E6971B8F}.Release|Any CPU.Build.0 = Release|Any CPU
	EndGlobalSection
	GlobalSection(SolutionProperties) = preSolution
		HideSolutionNode = FALSE
	EndGlobalSection
	GlobalSection(ExtensibilityGlobals) = postSolution
		SolutionGuid = {C97F8538-BEC1-4BD1-96D9-1C246093654D}
	EndGlobalSection
EndGlobal
